// !$*UTF8*$!
{
	archiveVersion = 1;
	classes = {
	};
	objectVersion = 46;
	objects = {

/* Begin PBXBuildFile section */
		A283D7C01E54CC5500989D99 /* AppDelegate.swift in Sources */ = {isa = PBXBuildFile; fileRef = A283D7BF1E54CC5500989D99 /* AppDelegate.swift */; };
		A283D7C21E54CC5500989D99 /* ViewController.swift in Sources */ = {isa = PBXBuildFile; fileRef = A283D7C11E54CC5500989D99 /* ViewController.swift */; };
		A283D7C51E54CC5500989D99 /* Main.storyboard in Resources */ = {isa = PBXBuildFile; fileRef = A283D7C31E54CC5500989D99 /* Main.storyboard */; };
		A283D7C71E54CC5500989D99 /* Assets.xcassets in Resources */ = {isa = PBXBuildFile; fileRef = A283D7C61E54CC5500989D99 /* Assets.xcassets */; };
		A283D7CA1E54CC5500989D99 /* LaunchScreen.storyboard in Resources */ = {isa = PBXBuildFile; fileRef = A283D7C81E54CC5500989D99 /* LaunchScreen.storyboard */; };
/* End PBXBuildFile section */

/* Begin PBXFileReference section */
		A283D7BC1E54CC5500989D99 /* 1RA_EVA_PRACTICA_1.app */ = {isa = PBXFileReference; explicitFileType = wrapper.application; includeInIndex = 0; path = 1RA_EVA_PRACTICA_1.app; sourceTree = BUILT_PRODUCTS_DIR; };
		A283D7BF1E54CC5500989D99 /* AppDelegate.swift */ = {isa = PBXFileReference; lastKnownFileType = sourcecode.swift; path = AppDelegate.swift; sourceTree = "<group>"; };
		A283D7C11E54CC5500989D99 /* ViewController.swift */ = {isa = PBXFileReference; lastKnownFileType = sourcecode.swift; path = ViewController.swift; sourceTree = "<group>"; };
		A283D7C41E54CC5500989D99 /* Base */ = {isa = PBXFileReference; lastKnownFileType = file.storyboard; name = Base; path = Base.lproj/Main.storyboard; sourceTree = "<group>"; };
		A283D7C61E54CC5500989D99 /* Assets.xcassets */ = {isa = PBXFileReference; lastKnownFileType = folder.assetcatalog; path = Assets.xcassets; sourceTree = "<group>"; };
		A283D7C91E54CC5500989D99 /* Base */ = {isa = PBXFileReference; lastKnownFileType = file.storyboard; name = Base; path = Base.lproj/LaunchScreen.storyboard; sourceTree = "<group>"; };
		A283D7CB1E54CC5500989D99 /* Info.plist */ = {isa = PBXFileReference; lastKnownFileType = text.plist.xml; path = Info.plist; sourceTree = "<group>"; };
/* End PBXFileReference section */

/* Begin PBXFrameworksBuildPhase section */
		A283D7B91E54CC5500989D99 /* Frameworks */ = {
			isa = PBXFrameworksBuildPhase;
			buildActionMask = 2147483647;
			files = (
			);
			runOnlyForDeploymentPostprocessing = 0;
		};
/* End PBXFrameworksBuildPhase section */

/* Begin PBXGroup section */
		A283D7B31E54CC5500989D99 = {
			isa = PBXGroup;
			children = (
				A283D7BE1E54CC5500989D99 /* 1RA_EVA_PRACTICA_1 */,
				A283D7BD1E54CC5500989D99 /* Products */,
			);
			sourceTree = "<group>";
		};
		A283D7BD1E54CC5500989D99 /* Products */ = {
			isa = PBXGroup;
			children = (
				A283D7BC1E54CC5500989D99 /* 1RA_EVA_PRACTICA_1.app */,
			);
			name = Products;
			sourceTree = "<group>";
		};
		A283D7BE1E54CC5500989D99 /* 1RA_EVA_PRACTICA_1 */ = {
			isa = PBXGroup;
			children = (
				A283D7BF1E54CC5500989D99 /* AppDelegate.swift */,
				A283D7C11E54CC5500989D99 /* ViewController.swift */,
				A283D7C31E54CC5500989D99 /* Main.storyboard */,
				A283D7C61E54CC5500989D99 /* Assets.xcassets */,
				A283D7C81E54CC5500989D99 /* LaunchScreen.storyboard */,
				A283D7CB1E54CC5500989D99 /* Info.plist */,
			);
			path = 1RA_EVA_PRACTICA_1;
			sourceTree = "<group>";
		};
/* End PBXGroup section */

/* Begin PBXNativeTarget section */
		A283D7BB1E54CC5500989D99 /* 1RA_EVA_PRACTICA_1 */ = {
			isa = PBXNativeTarget;
			buildConfigurationList = A283D7CE1E54CC5500989D99 /* Build configuration list for PBXNativeTarget "1RA_EVA_PRACTICA_1" */;
			buildPhases = (
				A283D7B81E54CC5500989D99 /* Sources */,
				A283D7B91E54CC5500989D99 /* Frameworks */,
				A283D7BA1E54CC5500989D99 /* Resources */,
			);
			buildRules = (
			);
			dependencies = (
			);
			name = 1RA_EVA_PRACTICA_1;
			productName = 1RA_EVA_PRACTICA_1;
			productReference = A283D7BC1E54CC5500989D99 /* 1RA_EVA_PRACTICA_1.app */;
			productType = "com.apple.product-type.application";
		};
/* End PBXNativeTarget section */

/* Begin PBXProject section */
		A283D7B41E54CC5500989D99 /* Project object */ = {
			isa = PBXProject;
			attributes = {
				LastUpgradeCheck = 0700;
				ORGANIZATIONNAME = TEMPORAL2;
				TargetAttributes = {
					A283D7BB1E54CC5500989D99 = {
						CreatedOnToolsVersion = 7.0;
					};
				};
			};
			buildConfigurationList = A283D7B71E54CC5500989D99 /* Build configuration list for PBXProject "1RA_EVA_PRACTICA_1" */;
			compatibilityVersion = "Xcode 3.2";
			developmentRegion = English;
			hasScannedForEncodings = 0;
			knownRegions = (
				en,
				Base,
			);
			mainGroup = A283D7B31E54CC5500989D99;
			productRefGroup = A283D7BD1E54CC5500989D99 /* Products */;
			projectDirPath = "";
			projectRoot = "";
			targets = (
				A283D7BB1E54CC5500989D99 /* 1RA_EVA_PRACTICA_1 */,
			);
		};
/* End PBXProject section */

/* Begin PBXResourcesBuildPhase section */
		A283D7BA1E54CC5500989D99 /* Resources */ = {
			isa = PBXResourcesBuildPhase;
			buildActionMask = 2147483647;
			files = (
				A283D7CA1E54CC5500989D99 /* LaunchScreen.storyboard in Resources */,
				A283D7C71E54CC5500989D99 /* Assets.xcassets in Resources */,
				A283D7C51E54CC5500989D99 /* Main.storyboard in Resources */,
			);
			runOnlyForDeploymentPostprocessing = 0;
		};
/* End PBXResourcesBuildPhase section */

/* Begin PBXSourcesBuildPhase section */
		A283D7B81E54CC5500989D99 /* Sources */ = {
			isa = PBXSourcesBuildPhase;
			buildActionMask = 2147483647;
			files = (
				A283D7C21E54CC5500989D99 /* ViewController.swift in Sources */,
				A283D7C01E54CC5500989D99 /* AppDelegate.swift in Sources */,
			);
			runOnlyForDeploymentPostprocessing = 0;
		};
/* End PBXSourcesBuildPhase section */

/* Begin PBXVariantGroup section */
		A283D7C31E54CC5500989D99 /* Main.storyboard */ = {
			isa = PBXVariantGroup;
			children = (
				A283D7C41E54CC5500989D99 /* Base */,
			);
			name = Main.storyboard;
			sourceTree = "<group>";
		};
		A283D7C81E54CC5500989D99 /* LaunchScreen.storyboard */ = {
			isa = PBXVariantGroup;
			children = (
				A283D7C91E54CC5500989D99 /* Base */,
			);
			name = LaunchScreen.storyboard;
			sourceTree = "<group>";
		};
/* End PBXVariantGroup section */

/* Begin XCBuildConfiguration section */
		A283D7CC1E54CC5500989D99 /* Debug */ = {
			isa = XCBuildConfiguration;
			buildSettings = {
				ALWAYS_SEARCH_USER_PATHS = NO;
				CLANG_CXX_LANGUAGE_STANDARD = "gnu++0x";
				CLANG_CXX_LIBRARY = "libc++";
				CLANG_ENABLE_MODULES = YES;
				CLANG_ENABLE_OBJC_ARC = YES;
				CLANG_WARN_BOOL_CONVERSION = YES;
				CLANG_WARN_CONSTANT_CONVERSION = YES;
				CLANG_WARN_DIRECT_OBJC_ISA_USAGE = YES_ERROR;
				CLANG_WARN_EMPTY_BODY = YES;
				CLANG_WARN_ENUM_CONVERSION = YES;
				CLANG_WARN_INT_CONVERSION = YES;
				CLANG_WARN_OBJC_ROOT_CLASS = YES_ERROR;
				CLANG_WARN_UNREACHABLE_CODE = YES;
				CLANG_WARN__DUPLICATE_METHOD_MATCH = YES;
				"CODE_SIGN_IDENTITY[sdk=iphoneos*]" = "iPhone Developer";
				COPY_PHASE_STRIP = NO;
				DEBUG_INFORMATION_FORMAT = dwarf;
				ENABLE_STRICT_OBJC_MSGSEND = YES;
				ENABLE_TESTABILITY = YES;
				GCC_C_LANGUAGE_STANDARD = gnu99;
				GCC_DYNAMIC_NO_PIC = NO;
				GCC_NO_COMMON_BLOCKS = YES;
				GCC_OPTIMIZATION_LEVEL = 0;
				GCC_PREPROCESSOR_DEFINITIONS = (
					"DEBUG=1",
					"$(inherited)",
				);
				GCC_WARN_64_TO_32_BIT_CONVERSION = YES;
				GCC_WARN_ABOUT_RETURN_TYPE = YES_ERROR;
				GCC_WARN_UNDECLARED_SELECTOR = YES;
				GCC_WARN_UNINITIALIZED_AUTOS = YES_AGGRESSIVE;
				GCC_WARN_UNUSED_FUNCTION = YES;
				GCC_WARN_UNUSED_VARIABLE = YES;
				IPHONEOS_DEPLOYMENT_TARGET = 9.0;
				MTL_ENABLE_DEBUG_INFO = YES;
				ONLY_ACTIVE_ARCH = YES;
				SDKROOT = iphoneos;
				SWIFT_OPTIMIZATION_LEVEL = "-Onone";
				TARGETED_DEVICE_FAMILY = "1,2";
			};
			name = Debug;
		};
		A283D7CD1E54CC5500989D99 /* Release */ = {
			isa = XCBuildConfiguration;
			buildSettings = {
				ALWAYS_SEARCH_USER_PATHS = NO;
				CLANG_CXX_LANGUAGE_STANDARD = "gnu++0x";
				CLANG_CXX_LIBRARY = "libc++";
				CLANG_ENABLE_MODULES = YES;
				CLANG_ENABLE_OBJC_ARC = YES;
				CLANG_WARN_BOOL_CONVERSION = YES;
				CLANG_WARN_CONSTANT_CONVERSION = YES;
				CLANG_WARN_DIRECT_OBJC_ISA_USAGE = YES_ERROR;
				CLANG_WARN_EMPTY_BODY = YES;
				CLANG_WARN_ENUM_CONVERSION = YES;
				CLANG_WARN_INT_CONVERSION = YES;
				CLANG_WARN_OBJC_ROOT_CLASS = YES_ERROR;
				CLANG_WARN_UNREACHABLE_CODE = YES;
				CLANG_WARN__DUPLICATE_METHOD_MATCH = YES;
				"CODE_SIGN_IDENTITY[sdk=iphoneos*]" = "iPhone Developer";
				COPY_PHASE_STRIP = NO;
				DEBUG_INFORMATION_FORMAT = "dwarf-with-dsym";
				ENABLE_NS_ASSERTIONS = NO;
				ENABLE_STRICT_OBJC_MSGSEND = YES;
				GCC_C_LANGUAGE_STANDARD = gnu99;
				GCC_NO_COMMON_BLOCKS = YES;
				GCC_WARN_64_TO_32_BIT_CONVERSION = YES;
				GCC_WARN_ABOUT_RETURN_TYPE = YES_ERROR;
				GCC_WARN_UNDECLARED_SELECTOR = YES;
				GCC_WARN_UNINITIALIZED_AUTOS = YES_AGGRESSIVE;
				GCC_WARN_UNUSED_FUNCTION = YES;
				GCC_WARN_UNUSED_VARIABLE = YES;
				IPHONEOS_DEPLOYMENT_TARGET = 9.0;
				MTL_ENABLE_DEBUG_INFO = NO;
				SDKROOT = iphoneos;
				TARGETED_DEVICE_FAMILY = "1,2";
				VALIDATE_PRODUCT = YES;
			};
			name = Release;
		};
		A283D7CF1E54CC5500989D99 /* Debug */ = {
			isa = XCBuildConfiguration;
			buildSettings = {
				ASSETCATALOG_COMPILER_APPICON_NAME = AppIcon;
				INFOPLIST_FILE = 1RA_EVA_PRACTICA_1/Info.plist;
				LD_RUNPATH_SEARCH_PATHS = "$(inherited) @executable_path/Frameworks";
				PRODUCT_BUNDLE_IDENTIFIER = "miempresa.-RA-EVA-PRACTICA-1";
				PRODUCT_NAME = "$(TARGET_NAME)";
			};
			name = Debug;
		};
		A283D7D01E54CC5500989D99 /* Release */ = {
			isa = XCBuildConfiguration;
			buildSettings = {
				ASSETCATALOG_COMPILER_APPICON_NAME = AppIcon;
				INFOPLIST_FILE = 1RA_EVA_PRACTICA_1/Info.plist;
				LD_RUNPATH_SEARCH_PATHS = "$(inherited) @executable_path/Frameworks";
				PRODUCT_BUNDLE_IDENTIFIER = "miempresa.-RA-EVA-PRACTICA-1";
				PRODUCT_NAME = "$(TARGET_NAME)";
			};
			name = Release;
		};
/* End XCBuildConfiguration section */

/* Begin XCConfigurationList section */
		A283D7B71E54CC5500989D99 /* Build configuration list for PBXProject "1RA_EVA_PRACTICA_1" */ = {
			isa = XCConfigurationList;
			buildConfigurations = (
				A283D7CC1E54CC5500989D99 /* Debug */,
				A283D7CD1E54CC5500989D99 /* Release */,
			);
			defaultConfigurationIsVisible = 0;
			defaultConfigurationName = Release;
		};
		A283D7CE1E54CC5500989D99 /* Build configuration list for PBXNativeTarget "1RA_EVA_PRACTICA_1" */ = {
			isa = XCConfigurationList;
			buildConfigurations = (
				A283D7CF1E54CC5500989D99 /* Debug */,
				A283D7D01E54CC5500989D99 /* Release */,
			);
			defaultConfigurationIsVisible = 0;
		};
/* End XCConfigurationList section */
	};
	rootObject = A283D7B41E54CC5500989D99 /* Project object */;
}
